
Microsoft Visual Studio Solution File, Format Version 12.00
# Visual Studio 2013
VisualStudioVersion = 12.0.30501.0
MinimumVisualStudioVersion = 10.0.40219.1
Project("{FAE04EC0-301F-11D3-BF4B-00C04F79EFBC}") = "GoldenByteChallenge", "GoldenByteChallenge\GoldenByteChallenge.csproj", "{18C6F87E-CCA2-458C-AABA-ADBA7B56BE6D}"
EndProject
Project("{FAE04EC0-301F-11D3-BF4B-00C04F79EFBC}") = "TrinityCore", "TrinityCore\TrinityCore.csproj", "{6284AE5D-56BA-4DB4-B8D8-3CD332269D23}"
EndProject
Global
	GlobalSection(SolutionConfigurationPlatforms) = preSolution
		Debug|Any CPU = Debug|Any CPU
		Debug|Mixed Platforms = Debug|Mixed Platforms
		Debug|x86 = Debug|x86
		Release|Any CPU = Release|Any CPU
		Release|Mixed Platforms = Release|Mixed Platforms
		Release|x86 = Release|x86
	EndGlobalSection
	GlobalSection(ProjectConfigurationPlatforms) = postSolution
		{18C6F87E-CCA2-458C-AABA-ADBA7B56BE6D}.Debug|Any CPU.ActiveCfg = Debug|x86
		{18C6F87E-CCA2-458C-AABA-ADBA7B56BE6D}.Debug|Mixed Platforms.ActiveCfg = Debug|x86
		{18C6F87E-CCA2-458C-AABA-ADBA7B56BE6D}.Debug|Mixed Platforms.Build.0 = Debug|x86
		{18C6F87E-CCA2-458C-AABA-ADBA7B56BE6D}.Debug|x86.ActiveCfg = Debug|x86
		{18C6F87E-CCA2-458C-AABA-ADBA7B56BE6D}.Debug|x86.Build.0 = Debug|x86
		{18C6F87E-CCA2-458C-AABA-ADBA7B56BE6D}.Release|Any CPU.ActiveCfg = Release|x86
		{18C6F87E-CCA2-458C-AABA-ADBA7B56BE6D}.Release|Mixed Platforms.ActiveCfg = Release|x86
		{18C6F87E-CCA2-458C-AABA-ADBA7B56BE6D}.Release|Mixed Platforms.Build.0 = Release|x86
		{18C6F87E-CCA2-458C-AABA-ADBA7B56BE6D}.Release|x86.ActiveCfg = Release|x86
		{18C6F87E-CCA2-458C-AABA-ADBA7B56BE6D}.Release|x86.Build.0 = Release|x86
		{6284AE5D-56BA-4DB4-B8D8-3CD332269D23}.Debug|Any CPU.ActiveCfg = Debug|Any CPU
		{6284AE5D-56BA-4DB4-B8D8-3CD332269D23}.Debug|Any CPU.Build.0 = Debug|Any CPU
		{6284AE5D-56BA-4DB4-B8D8-3CD332269D23}.Debug|Mixed Platforms.ActiveCfg = Debug|Any CPU
		{6284AE5D-56BA-4DB4-B8D8-3CD332269D23}.Debug|Mixed Platforms.Build.0 = Debug|Any CPU
		{6284AE5D-56BA-4DB4-B8D8-3CD332269D23}.Debug|x86.ActiveCfg = Debug|Any CPU
		{6284AE5D-56BA-4DB4-B8D8-3CD332269D23}.Release|Any CPU.ActiveCfg = Release|Any CPU
		{6284AE5D-56BA-4DB4-B8D8-3CD332269D23}.Release|Any CPU.Build.0 = Release|Any CPU
		{6284AE5D-56BA-4DB4-B8D8-3CD332269D23}.Release|Mixed Platforms.ActiveCfg = Release|Any CPU
		{6284AE5D-56BA-4DB4-B8D8-3CD332269D23}.Release|Mixed Platforms.Build.0 = Release|Any CPU
		{6284AE5D-56BA-4DB4-B8D8-3CD332269D23}.Release|x86.ActiveCfg = Release|Any CPU
	EndGlobalSection
	GlobalSection(SolutionProperties) = preSolution
		HideSolutionNode = FALSE
	EndGlobalSection
EndGlobal
